{
    "_readme": [
        "This file locks the dependencies of your project to a known state"
    ],
    "content-hash": "eff521d7122df74c5be97c38de876d8e",
    "packages": [],
    "packages-dev": [],
    "aliases": [],
    "minimum-stability": "stable",
    "stability-flags": {},
    "prefer-stable": false,
    "prefer-lowest": false,
    "platform": {
        "php": ">=8.1",
        "ext-mongodb": "*"
    },
    "platform-dev": {},
    "platform-overrides": {
        "ext-mongodb": "1.21.5"
    },
    "plugin-api-version": "2.9.0"
}