{
    "_readme": [
        "This file locks the dependencies of your project to a known state",
        "Read more about it at https://getcomposer.org/doc/01-basic-usage.md#installing-dependencies",
        "This file is @generated automatically"
    ],
    "content-hash": "e5023f641d0ec4772aa1975fe993406f",
    "packages": [],
    "packages-dev": [],
    "aliases": [],
    "minimum-stability": "stable",
    "stability-flags": {},
    "prefer-stable": false,
    "prefer-lowest": false,
    "platform": {
        "php": ">=8.1",
        "ext-mongodb": "*"
    },
    "platform-dev": {},
    "platform-overrides": {
        "ext-mongodb": "1.16.0"
    },
    "plugin-api-version": "2.9.0"
}
